{
  "name": "@walp/shared",
  "version": "0.0.1",
  "lockfileVersion": 3,
  "requires": true,
  "packages": {
    "": {
      "name": "@walp/shared",
      "version": "0.0.1",
      "license": "SEE LICENSE IN LICENSE.txt",
      "dependencies": {
        "yaml": "^2.4.2"
      },
      "devDependencies": {
        "@types/lodash": "^4.17.1"
      }
    },
    "node_modules/@types/lodash": {
      "version": "4.17.1",
      "resolved": "https://registry.npmjs.org/@types/lodash/-/lodash-4.17.1.tgz",
      "integrity": "sha512-X+2qazGS3jxLAIz5JDXDzglAF3KpijdhFxlf/V1+hEsOUc+HnWi81L/uv/EvGuV90WY+7mPGFCUDGfQC3Gj95Q==",
      "dev": true
    },
    "node_modules/yaml": {
      "version": "2.4.2",
      "resolved": "https://registry.npmjs.org/yaml/-/yaml-2.4.2.tgz",
      "integrity": "sha512-B3VqDZ+JAg1nZpaEmWtTXUlBneoGx6CPM9b0TENK6aoSu5t73dItudwdgmi6tHlIZZId4dZ9skcAQ2UbcyAeVA==",
      "bin": {
        "yaml": "bin.mjs"
      },
      "engines": {
        "node": ">= 14"
      }
    }
  }
}
